
Microsoft Visual Studio Solution File, Format Version 12.00
# Visual Studio Version 17
VisualStudioVersion = 17.0.32014.148
MinimumVisualStudioVersion = 10.0.40219.1
Project("{FAE04EC0-301F-11D3-BF4B-00C04F79EFBC}") = "TreinoSAEP", "TreinoSAEP\TreinoSAEP.csproj", "{65CE9580-5681-44D7-8D99-7BFF493D446E}"
EndProject
Global
	GlobalSection(SolutionConfigurationPlatforms) = preSolution
		Debug|Any CPU = Debug|Any CPU
		Release|Any CPU = Release|Any CPU
	EndGlobalSection
	GlobalSection(ProjectConfigurationPlatforms) = postSolution
		{65CE9580-5681-44D7-8D99-7BFF493D446E}.Debug|Any CPU.ActiveCfg = Debug|Any CPU
		{65CE9580-5681-44D7-8D99-7BFF493D446E}.Debug|Any CPU.Build.0 = Debug|Any CPU
		{65CE9580-5681-44D7-8D99-7BFF493D446E}.Release|Any CPU.ActiveCfg = Release|Any CPU
		{65CE9580-5681-44D7-8D99-7BFF493D446E}.Release|Any CPU.Build.0 = Release|Any CPU
	EndGlobalSection
	GlobalSection(SolutionProperties) = preSolution
		HideSolutionNode = FALSE
	EndGlobalSection
	GlobalSection(ExtensibilityGlobals) = postSolution
		SolutionGuid = {7563D715-9DBA-4886-9C02-AEE77E3DFC5F}
	EndGlobalSection
EndGlobal
